<?xml version="1.0" encoding="utf-8"?>
<Project ToolsVersion="4.0" xmlns="http://schemas.microsoft.com/developer/msbuild/2003">
  <ItemGroup>
    <Filter Include="Source Files">
      <UniqueIdentifier>{4FC737F1-C7A5-4376-A066-2A32D752A2FF}</UniqueIdentifier>
      <Extensions>cpp;c;cc;cxx;def;odl;idl;hpj;bat;asm;asmx</Extensions>
    </Filter>
    <Filter Include="Resource Files">
      <UniqueIdentifier>{D9D6E242-F8AF-46E4-B9FD-80ECBC20BA3E}</UniqueIdentifier>
      <Extensions>qrc;*</Extensions>
      <ParseFiles>false</ParseFiles>
    </Filter>
    <Filter Include="Form Files">
      <UniqueIdentifier>{99349809-55BA-4b9d-BF79-8FDBB0286EB3}</UniqueIdentifier>
      <Extensions>ui</Extensions>
    </Filter>
    <Filter Include="Resource Files">
      <UniqueIdentifier>{D9D6E242-F8AF-46E4-B9FD-80ECBC20BA3E}</UniqueIdentifier>
      <Extensions>qrc;*</Extensions>
      <ParseFiles>false</ParseFiles>
    </Filter>
    <Filter Include="Generated Files">
      <UniqueIdentifier>{71ED8ED8-ACB9-4CE9-BBE1-E00B30144E11}</UniqueIdentifier>
      <Extensions>moc;h;cpp</Extensions>
      <SourceControlFiles>False</SourceControlFiles>
    </Filter>
    <Filter Include="Source Files\M">
      <UniqueIdentifier>{0c7dc117-1622-41a6-8613-a10f6b6e0ce5}</UniqueIdentifier>
    </Filter>
    <Filter Include="Source Files\V">
      <UniqueIdentifier>{8b88009d-7f73-4102-b839-27148aba872a}</UniqueIdentifier>
    </Filter>
    <Filter Include="Source Files\C">
      <UniqueIdentifier>{976f04c6-0f6c-49cd-9e18-b226cdd31f6a}</UniqueIdentifier>
    </Filter>
    <Filter Include="Source Files\utils">
      <UniqueIdentifier>{d079a0f4-2e4f-4efe-a558-a535346f7588}</UniqueIdentifier>
    </Filter>
  </ItemGroup>
  <ItemGroup>
    <ClCompile Include="src\main.cpp">
      <Filter>Source Files</Filter>
    </ClCompile>
    <ClCompile Include="src\C\data_augmentation_app.cpp">
      <Filter>Source Files\C</Filter>
    </ClCompile>
    <ClCompile Include="src\M\data_augmentor.cpp">
      <Filter>Source Files\M</Filter>
    </ClCompile>
    <ClCompile Include="src\utils\distribution_wrapper.cpp">
      <Filter>Source Files\utils</Filter>
    </ClCompile>
  </ItemGroup>
  <ItemGroup>
    <QtUic Include="ui\data_augmentation.ui">
      <Filter>Form Files</Filter>
    </QtUic>
  </ItemGroup>
  <ItemGroup>
    <ClInclude Include="GeneratedFiles\ui_data_augmentation.h">
      <Filter>Source Files\V</Filter>
    </ClInclude>
    <ClInclude Include="src\M\data_augmentor.h">
      <Filter>Source Files\M</Filter>
    </ClInclude>
    <ClInclude Include="src\utils\distribution_wrapper.h">
      <Filter>Source Files\utils</Filter>
    </ClInclude>
  </ItemGroup>
  <ItemGroup>
    <QtMoc Include="src\C\data_augmentation_app.h">
      <Filter>Source Files\C</Filter>
    </QtMoc>
  </ItemGroup>
</Project>